
Microsoft Visual Studio Solution File, Format Version 12.00
# Visual Studio Version 17
VisualStudioVersion = 17.3.32819.101
MinimumVisualStudioVersion = 10.0.40219.1
Project("{FAE04EC0-301F-11D3-BF4B-00C04F79EFBC}") = "Proof", "Proof\Proof.csproj", "{32AEFF1C-6722-407F-8E14-757A79C29095}"
EndProject
Global
	GlobalSection(SolutionConfigurationPlatforms) = preSolution
		Debug|Any CPU = Debug|Any CPU
		Release|Any CPU = Release|Any CPU
	EndGlobalSection
	GlobalSection(ProjectConfigurationPlatforms) = postSolution
		{32AEFF1C-6722-407F-8E14-757A79C29095}.Debug|Any CPU.ActiveCfg = Debug|Any CPU
		{32AEFF1C-6722-407F-8E14-757A79C29095}.Debug|Any CPU.Build.0 = Debug|Any CPU
		{32AEFF1C-6722-407F-8E14-757A79C29095}.Release|Any CPU.ActiveCfg = Release|Any CPU
		{32AEFF1C-6722-407F-8E14-757A79C29095}.Release|Any CPU.Build.0 = Release|Any CPU
	EndGlobalSection
	GlobalSection(SolutionProperties) = preSolution
		HideSolutionNode = FALSE
	EndGlobalSection
	GlobalSection(ExtensibilityGlobals) = postSolution
		SolutionGuid = {363250DF-B6F2-4279-98BB-8AE13F06EA7F}
	EndGlobalSection
EndGlobal
